{
  "version": 4,
  "terraform_version": "1.9.0",
  "serial": 211,
  "lineage": "a29b3598-3a2b-2061-2ec2-459f691a8cca",
  "outputs": {},
  "resources": [
    {
      "mode": "data",
      "type": "azurerm_image",
      "name": "custom_vm_image",
      "provider": "provider[\"registry.terraform.io/hashicorp/azurerm\"]",
      "instances": [
        {
          "schema_version": 0,
          "attributes": {
            "data_disk": [],
            "id": "/subscriptions/c2974833-f9d6-49e2-b843-74513c83a919/resourceGroups/Azuredevops/providers/Microsoft.Compute/images/udacity-vm-image",
            "location": "westeurope",
            "name": "udacity-vm-image",
            "name_regex": null,
            "os_disk": [
              {
                "blob_uri": "",
                "caching": "ReadWrite",
                "managed_disk_id": "/subscriptions/c2974833-f9d6-49e2-b843-74513c83a919/resourceGroups/Azuredevops/providers/Microsoft.Compute/disks/pkrosjz3cznzl3g",
                "os_state": "Generalized",
                "os_type": "Linux",
                "size_gb": 30
              }
            ],
            "resource_group_name": "Azuredevops",
            "sort_descending": false,
            "tags": {
              "project": "udacity"
            },
            "timeouts": null,
            "zone_resilient": false
          },
          "sensitive_attributes": []
        }
      ]
    },
    {
      "mode": "data",
      "type": "azurerm_resource_group",
      "name": "rg",
      "provider": "provider[\"registry.terraform.io/hashicorp/azurerm\"]",
      "instances": [
        {
          "schema_version": 0,
          "attributes": {
            "id": "/subscriptions/c2974833-f9d6-49e2-b843-74513c83a919/resourceGroups/Azuredevops",
            "location": "westeurope",
            "managed_by": "",
            "name": "Azuredevops",
            "tags": {
              "DeploymentId": "268132",
              "LaunchId": "1346",
              "LaunchType": "ON_DEMAND_LAB",
              "TemplateId": "1181",
              "TenantId": "203"
            },
            "timeouts": null
          },
          "sensitive_attributes": []
        }
      ]
    },
    {
      "mode": "managed",
      "type": "azurerm_availability_set",
      "name": "avset",
      "provider": "provider[\"registry.terraform.io/hashicorp/azurerm\"]",
      "instances": [
        {
          "schema_version": 0,
          "attributes": {
            "id": "/subscriptions/c2974833-f9d6-49e2-b843-74513c83a919/resourceGroups/Azuredevops/providers/Microsoft.Compute/availabilitySets/udacity-avset",
            "location": "westeurope",
            "managed": true,
            "name": "udacity-avset",
            "platform_fault_domain_count": 3,
            "platform_update_domain_count": 5,
            "proximity_placement_group_id": null,
            "resource_group_name": "Azuredevops",
            "tags": {
              "environment": "development",
              "project": "udacity"
            },
            "timeouts": null
          },
          "sensitive_attributes": [],
          "private": "eyJlMmJmYjczMC1lY2FhLTExZTYtOGY4OC0zNDM2M2JjN2M0YzAiOnsiY3JlYXRlIjoxODAwMDAwMDAwMDAwLCJkZWxldGUiOjE4MDAwMDAwMDAwMDAsInJlYWQiOjMwMDAwMDAwMDAwMCwidXBkYXRlIjoxODAwMDAwMDAwMDAwfX0=",
          "dependencies": [
            "data.azurerm_resource_group.rg"
          ]
        }
      ]
    },
    {
      "mode": "managed",
      "type": "azurerm_lb",
      "name": "load_balancer",
      "provider": "provider[\"registry.terraform.io/hashicorp/azurerm\"]",
      "instances": [
        {
          "schema_version": 0,
          "attributes": {
            "edge_zone": "",
            "frontend_ip_configuration": [
              {
                "gateway_load_balancer_frontend_ip_configuration_id": "",
                "id": "/subscriptions/c2974833-f9d6-49e2-b843-74513c83a919/resourceGroups/Azuredevops/providers/Microsoft.Network/loadBalancers/udacity-lb/frontendIPConfigurations/PublicIPAddress",
                "inbound_nat_rules": [],
                "load_balancer_rules": [],
                "name": "PublicIPAddress",
                "outbound_rules": [],
                "private_ip_address": "",
                "private_ip_address_allocation": "Dynamic",
                "private_ip_address_version": "",
                "public_ip_address_id": "/subscriptions/c2974833-f9d6-49e2-b843-74513c83a919/resourceGroups/Azuredevops/providers/Microsoft.Network/publicIPAddresses/lb-public-ip",
                "public_ip_prefix_id": "",
                "subnet_id": "",
                "zones": null
              }
            ],
            "id": "/subscriptions/c2974833-f9d6-49e2-b843-74513c83a919/resourceGroups/Azuredevops/providers/Microsoft.Network/loadBalancers/udacity-lb",
            "location": "westeurope",
            "name": "udacity-lb",
            "private_ip_address": "",
            "private_ip_addresses": [],
            "resource_group_name": "Azuredevops",
            "sku": "Standard",
            "sku_tier": "Regional",
            "tags": {
              "environment": "development",
              "project": "udacity"
            },
            "timeouts": null
          },
          "sensitive_attributes": [],
          "private": "eyJlMmJmYjczMC1lY2FhLTExZTYtOGY4OC0zNDM2M2JjN2M0YzAiOnsiY3JlYXRlIjoxODAwMDAwMDAwMDAwLCJkZWxldGUiOjE4MDAwMDAwMDAwMDAsInJlYWQiOjMwMDAwMDAwMDAwMCwidXBkYXRlIjoxODAwMDAwMDAwMDAwfX0=",
          "dependencies": [
            "azurerm_public_ip.lb_public_ip",
            "data.azurerm_resource_group.rg"
          ]
        }
      ]
    },
    {
      "mode": "managed",
      "type": "azurerm_lb_backend_address_pool",
      "name": "backend_pool",
      "provider": "provider[\"registry.terraform.io/hashicorp/azurerm\"]",
      "instances": [
        {
          "schema_version": 0,
          "attributes": {
            "backend_ip_configurations": [],
            "id": "/subscriptions/c2974833-f9d6-49e2-b843-74513c83a919/resourceGroups/Azuredevops/providers/Microsoft.Network/loadBalancers/udacity-lb/backendAddressPools/backend-pool",
            "inbound_nat_rules": [],
            "load_balancing_rules": [],
            "loadbalancer_id": "/subscriptions/c2974833-f9d6-49e2-b843-74513c83a919/resourceGroups/Azuredevops/providers/Microsoft.Network/loadBalancers/udacity-lb",
            "name": "backend-pool",
            "outbound_rules": [],
            "synchronous_mode": "",
            "timeouts": null,
            "tunnel_interface": [],
            "virtual_network_id": ""
          },
          "sensitive_attributes": [],
          "private": "eyJlMmJmYjczMC1lY2FhLTExZTYtOGY4OC0zNDM2M2JjN2M0YzAiOnsiY3JlYXRlIjoxODAwMDAwMDAwMDAwLCJkZWxldGUiOjE4MDAwMDAwMDAwMDAsInJlYWQiOjMwMDAwMDAwMDAwMCwidXBkYXRlIjoxODAwMDAwMDAwMDAwfX0=",
          "dependencies": [
            "azurerm_lb.load_balancer",
            "azurerm_public_ip.lb_public_ip",
            "data.azurerm_resource_group.rg"
          ]
        }
      ]
    },
    {
      "mode": "managed",
      "type": "azurerm_lb_probe",
      "name": "http_probe",
      "provider": "provider[\"registry.terraform.io/hashicorp/azurerm\"]",
      "instances": [
        {
          "schema_version": 0,
          "attributes": {
            "id": "/subscriptions/c2974833-f9d6-49e2-b843-74513c83a919/resourceGroups/Azuredevops/providers/Microsoft.Network/loadBalancers/udacity-lb/probes/http-probe",
            "interval_in_seconds": 5,
            "load_balancer_rules": [],
            "loadbalancer_id": "/subscriptions/c2974833-f9d6-49e2-b843-74513c83a919/resourceGroups/Azuredevops/providers/Microsoft.Network/loadBalancers/udacity-lb",
            "name": "http-probe",
            "number_of_probes": 2,
            "port": 80,
            "probe_threshold": 1,
            "protocol": "Http",
            "request_path": "/",
            "timeouts": null
          },
          "sensitive_attributes": [],
          "private": "eyJlMmJmYjczMC1lY2FhLTExZTYtOGY4OC0zNDM2M2JjN2M0YzAiOnsiY3JlYXRlIjoxODAwMDAwMDAwMDAwLCJkZWxldGUiOjE4MDAwMDAwMDAwMDAsInJlYWQiOjMwMDAwMDAwMDAwMCwidXBkYXRlIjoxODAwMDAwMDAwMDAwfX0=",
          "dependencies": [
            "azurerm_lb.load_balancer",
            "azurerm_public_ip.lb_public_ip",
            "data.azurerm_resource_group.rg"
          ]
        }
      ]
    },
    {
      "mode": "managed",
      "type": "azurerm_lb_rule",
      "name": "http_lb_rule",
      "provider": "provider[\"registry.terraform.io/hashicorp/azurerm\"]",
      "instances": [
        {
          "schema_version": 0,
          "attributes": {
            "backend_address_pool_ids": [
              "/subscriptions/c2974833-f9d6-49e2-b843-74513c83a919/resourceGroups/Azuredevops/providers/Microsoft.Network/loadBalancers/udacity-lb/backendAddressPools/backend-pool"
            ],
            "backend_port": 80,
            "disable_outbound_snat": false,
            "enable_floating_ip": false,
            "enable_tcp_reset": false,
            "frontend_ip_configuration_id": "/subscriptions/c2974833-f9d6-49e2-b843-74513c83a919/resourceGroups/Azuredevops/providers/Microsoft.Network/loadBalancers/udacity-lb/frontendIPConfigurations/PublicIPAddress",
            "frontend_ip_configuration_name": "PublicIPAddress",
            "frontend_port": 80,
            "id": "/subscriptions/c2974833-f9d6-49e2-b843-74513c83a919/resourceGroups/Azuredevops/providers/Microsoft.Network/loadBalancers/udacity-lb/loadBalancingRules/http-rule",
            "idle_timeout_in_minutes": 4,
            "load_distribution": "Default",
            "loadbalancer_id": "/subscriptions/c2974833-f9d6-49e2-b843-74513c83a919/resourceGroups/Azuredevops/providers/Microsoft.Network/loadBalancers/udacity-lb",
            "name": "http-rule",
            "probe_id": "/subscriptions/c2974833-f9d6-49e2-b843-74513c83a919/resourceGroups/Azuredevops/providers/Microsoft.Network/loadBalancers/udacity-lb/probes/http-probe",
            "protocol": "Tcp",
            "timeouts": null
          },
          "sensitive_attributes": [],
          "private": "eyJlMmJmYjczMC1lY2FhLTExZTYtOGY4OC0zNDM2M2JjN2M0YzAiOnsiY3JlYXRlIjoxODAwMDAwMDAwMDAwLCJkZWxldGUiOjE4MDAwMDAwMDAwMDAsInJlYWQiOjMwMDAwMDAwMDAwMCwidXBkYXRlIjoxODAwMDAwMDAwMDAwfX0=",
          "dependencies": [
            "azurerm_lb.load_balancer",
            "azurerm_lb_backend_address_pool.backend_pool",
            "azurerm_lb_probe.http_probe",
            "azurerm_public_ip.lb_public_ip",
            "data.azurerm_resource_group.rg"
          ]
        }
      ]
    },
    {
      "mode": "managed",
      "type": "azurerm_network_interface",
      "name": "vm_nic",
      "provider": "provider[\"registry.terraform.io/hashicorp/azurerm\"]",
      "instances": [
        {
          "index_key": 0,
          "schema_version": 0,
          "attributes": {
            "accelerated_networking_enabled": false,
            "applied_dns_servers": [],
            "auxiliary_mode": "",
            "auxiliary_sku": "",
            "dns_servers": null,
            "edge_zone": "",
            "id": "/subscriptions/c2974833-f9d6-49e2-b843-74513c83a919/resourceGroups/Azuredevops/providers/Microsoft.Network/networkInterfaces/udacity-vm-nic-0",
            "internal_dns_name_label": "",
            "internal_domain_name_suffix": "z24miucfqakevgnwpfmtny3igh.ax.internal.cloudapp.net",
            "ip_configuration": [
              {
                "gateway_load_balancer_frontend_ip_configuration_id": "",
                "name": "internal-vm-0",
                "primary": true,
                "private_ip_address": "10.0.1.4",
                "private_ip_address_allocation": "Dynamic",
                "private_ip_address_version": "IPv4",
                "public_ip_address_id": "",
                "subnet_id": "/subscriptions/c2974833-f9d6-49e2-b843-74513c83a919/resourceGroups/Azuredevops/providers/Microsoft.Network/virtualNetworks/udacity-vnet/subnets/udacity-subnet"
              }
            ],
            "ip_forwarding_enabled": false,
            "location": "westeurope",
            "mac_address": "",
            "name": "udacity-vm-nic-0",
            "private_ip_address": "10.0.1.4",
            "private_ip_addresses": [
              "10.0.1.4"
            ],
            "resource_group_name": "Azuredevops",
            "tags": {
              "environment": "development",
              "project": "udacity"
            },
            "timeouts": null,
            "virtual_machine_id": ""
          },
          "sensitive_attributes": [],
          "private": "eyJlMmJmYjczMC1lY2FhLTExZTYtOGY4OC0zNDM2M2JjN2M0YzAiOnsiY3JlYXRlIjoxODAwMDAwMDAwMDAwLCJkZWxldGUiOjE4MDAwMDAwMDAwMDAsInJlYWQiOjMwMDAwMDAwMDAwMCwidXBkYXRlIjoxODAwMDAwMDAwMDAwfX0=",
          "dependencies": [
            "azurerm_subnet.subnet",
            "azurerm_virtual_network.vnet",
            "data.azurerm_resource_group.rg"
          ]
        },
        {
          "index_key": 1,
          "schema_version": 0,
          "attributes": {
            "accelerated_networking_enabled": false,
            "applied_dns_servers": [],
            "auxiliary_mode": "",
            "auxiliary_sku": "",
            "dns_servers": null,
            "edge_zone": "",
            "id": "/subscriptions/c2974833-f9d6-49e2-b843-74513c83a919/resourceGroups/Azuredevops/providers/Microsoft.Network/networkInterfaces/udacity-vm-nic-1",
            "internal_dns_name_label": "",
            "internal_domain_name_suffix": "z24miucfqakevgnwpfmtny3igh.ax.internal.cloudapp.net",
            "ip_configuration": [
              {
                "gateway_load_balancer_frontend_ip_configuration_id": "",
                "name": "internal-vm-1",
                "primary": true,
                "private_ip_address": "10.0.1.5",
                "private_ip_address_allocation": "Dynamic",
                "private_ip_address_version": "IPv4",
                "public_ip_address_id": "",
                "subnet_id": "/subscriptions/c2974833-f9d6-49e2-b843-74513c83a919/resourceGroups/Azuredevops/providers/Microsoft.Network/virtualNetworks/udacity-vnet/subnets/udacity-subnet"
              }
            ],
            "ip_forwarding_enabled": false,
            "location": "westeurope",
            "mac_address": "",
            "name": "udacity-vm-nic-1",
            "private_ip_address": "10.0.1.5",
            "private_ip_addresses": [
              "10.0.1.5"
            ],
            "resource_group_name": "Azuredevops",
            "tags": {
              "environment": "development",
              "project": "udacity"
            },
            "timeouts": null,
            "virtual_machine_id": ""
          },
          "sensitive_attributes": [],
          "private": "eyJlMmJmYjczMC1lY2FhLTExZTYtOGY4OC0zNDM2M2JjN2M0YzAiOnsiY3JlYXRlIjoxODAwMDAwMDAwMDAwLCJkZWxldGUiOjE4MDAwMDAwMDAwMDAsInJlYWQiOjMwMDAwMDAwMDAwMCwidXBkYXRlIjoxODAwMDAwMDAwMDAwfX0=",
          "dependencies": [
            "azurerm_subnet.subnet",
            "azurerm_virtual_network.vnet",
            "data.azurerm_resource_group.rg"
          ]
        }
      ]
    },
    {
      "mode": "managed",
      "type": "azurerm_network_interface_backend_address_pool_association",
      "name": "nic_lb_association",
      "provider": "provider[\"registry.terraform.io/hashicorp/azurerm\"]",
      "instances": [
        {
          "index_key": 0,
          "schema_version": 0,
          "attributes": {
            "backend_address_pool_id": "/subscriptions/c2974833-f9d6-49e2-b843-74513c83a919/resourceGroups/Azuredevops/providers/Microsoft.Network/loadBalancers/udacity-lb/backendAddressPools/backend-pool",
            "id": "/subscriptions/c2974833-f9d6-49e2-b843-74513c83a919/resourceGroups/Azuredevops/providers/Microsoft.Network/networkInterfaces/udacity-vm-nic-0/ipConfigurations/internal-vm-0|/subscriptions/c2974833-f9d6-49e2-b843-74513c83a919/resourceGroups/Azuredevops/providers/Microsoft.Network/loadBalancers/udacity-lb/backendAddressPools/backend-pool",
            "ip_configuration_name": "internal-vm-0",
            "network_interface_id": "/subscriptions/c2974833-f9d6-49e2-b843-74513c83a919/resourceGroups/Azuredevops/providers/Microsoft.Network/networkInterfaces/udacity-vm-nic-0",
            "timeouts": null
          },
          "sensitive_attributes": [],
          "private": "eyJlMmJmYjczMC1lY2FhLTExZTYtOGY4OC0zNDM2M2JjN2M0YzAiOnsiY3JlYXRlIjoxODAwMDAwMDAwMDAwLCJkZWxldGUiOjE4MDAwMDAwMDAwMDAsInJlYWQiOjMwMDAwMDAwMDAwMH19",
          "dependencies": [
            "azurerm_lb.load_balancer",
            "azurerm_lb_backend_address_pool.backend_pool",
            "azurerm_network_interface.vm_nic",
            "azurerm_public_ip.lb_public_ip",
            "azurerm_subnet.subnet",
            "azurerm_virtual_network.vnet",
            "data.azurerm_resource_group.rg"
          ]
        },
        {
          "index_key": 1,
          "schema_version": 0,
          "attributes": {
            "backend_address_pool_id": "/subscriptions/c2974833-f9d6-49e2-b843-74513c83a919/resourceGroups/Azuredevops/providers/Microsoft.Network/loadBalancers/udacity-lb/backendAddressPools/backend-pool",
            "id": "/subscriptions/c2974833-f9d6-49e2-b843-74513c83a919/resourceGroups/Azuredevops/providers/Microsoft.Network/networkInterfaces/udacity-vm-nic-1/ipConfigurations/internal-vm-1|/subscriptions/c2974833-f9d6-49e2-b843-74513c83a919/resourceGroups/Azuredevops/providers/Microsoft.Network/loadBalancers/udacity-lb/backendAddressPools/backend-pool",
            "ip_configuration_name": "internal-vm-1",
            "network_interface_id": "/subscriptions/c2974833-f9d6-49e2-b843-74513c83a919/resourceGroups/Azuredevops/providers/Microsoft.Network/networkInterfaces/udacity-vm-nic-1",
            "timeouts": null
          },
          "sensitive_attributes": [],
          "private": "eyJlMmJmYjczMC1lY2FhLTExZTYtOGY4OC0zNDM2M2JjN2M0YzAiOnsiY3JlYXRlIjoxODAwMDAwMDAwMDAwLCJkZWxldGUiOjE4MDAwMDAwMDAwMDAsInJlYWQiOjMwMDAwMDAwMDAwMH19",
          "dependencies": [
            "azurerm_lb.load_balancer",
            "azurerm_lb_backend_address_pool.backend_pool",
            "azurerm_network_interface.vm_nic",
            "azurerm_public_ip.lb_public_ip",
            "azurerm_subnet.subnet",
            "azurerm_virtual_network.vnet",
            "data.azurerm_resource_group.rg"
          ]
        }
      ]
    },
    {
      "mode": "managed",
      "type": "azurerm_network_security_group",
      "name": "nsg",
      "provider": "provider[\"registry.terraform.io/hashicorp/azurerm\"]",
      "instances": [
        {
          "schema_version": 0,
          "attributes": {
            "id": "/subscriptions/c2974833-f9d6-49e2-b843-74513c83a919/resourceGroups/Azuredevops/providers/Microsoft.Network/networkSecurityGroups/udacity-nsg",
            "location": "westeurope",
            "name": "udacity-nsg",
            "resource_group_name": "Azuredevops",
            "security_rule": [],
            "tags": {
              "environment": "development",
              "project": "udacity"
            },
            "timeouts": null
          },
          "sensitive_attributes": [],
          "private": "eyJlMmJmYjczMC1lY2FhLTExZTYtOGY4OC0zNDM2M2JjN2M0YzAiOnsiY3JlYXRlIjoxODAwMDAwMDAwMDAwLCJkZWxldGUiOjE4MDAwMDAwMDAwMDAsInJlYWQiOjMwMDAwMDAwMDAwMCwidXBkYXRlIjoxODAwMDAwMDAwMDAwfX0=",
          "dependencies": [
            "data.azurerm_resource_group.rg"
          ]
        }
      ]
    },
    {
      "mode": "managed",
      "type": "azurerm_network_security_rule",
      "name": "allow_intra_subnet",
      "provider": "provider[\"registry.terraform.io/hashicorp/azurerm\"]",
      "instances": [
        {
          "schema_version": 0,
          "attributes": {
            "access": "Allow",
            "description": "",
            "destination_address_prefix": "10.0.1.0/24",
            "destination_address_prefixes": null,
            "destination_application_security_group_ids": null,
            "destination_port_range": "*",
            "destination_port_ranges": null,
            "direction": "Inbound",
            "id": "/subscriptions/c2974833-f9d6-49e2-b843-74513c83a919/resourceGroups/Azuredevops/providers/Microsoft.Network/networkSecurityGroups/udacity-nsg/securityRules/AllowIntraSubnet",
            "name": "AllowIntraSubnet",
            "network_security_group_name": "udacity-nsg",
            "priority": 100,
            "protocol": "*",
            "resource_group_name": "Azuredevops",
            "source_address_prefix": "10.0.1.0/24",
            "source_address_prefixes": null,
            "source_application_security_group_ids": null,
            "source_port_range": "*",
            "source_port_ranges": null,
            "timeouts": null
          },
          "sensitive_attributes": [],
          "private": "eyJlMmJmYjczMC1lY2FhLTExZTYtOGY4OC0zNDM2M2JjN2M0YzAiOnsiY3JlYXRlIjoxODAwMDAwMDAwMDAwLCJkZWxldGUiOjE4MDAwMDAwMDAwMDAsInJlYWQiOjMwMDAwMDAwMDAwMCwidXBkYXRlIjoxODAwMDAwMDAwMDAwfX0=",
          "dependencies": [
            "azurerm_network_security_group.nsg",
            "data.azurerm_resource_group.rg"
          ]
        }
      ]
    },
    {
      "mode": "managed",
      "type": "azurerm_network_security_rule",
      "name": "allow_load_balancer",
      "provider": "provider[\"registry.terraform.io/hashicorp/azurerm\"]",
      "instances": [
        {
          "schema_version": 0,
          "attributes": {
            "access": "Allow",
            "description": "",
            "destination_address_prefix": "10.0.1.0/24",
            "destination_address_prefixes": null,
            "destination_application_security_group_ids": null,
            "destination_port_range": "80",
            "destination_port_ranges": null,
            "direction": "Inbound",
            "id": "/subscriptions/c2974833-f9d6-49e2-b843-74513c83a919/resourceGroups/Azuredevops/providers/Microsoft.Network/networkSecurityGroups/udacity-nsg/securityRules/AllowLoadBalancer",
            "name": "AllowLoadBalancer",
            "network_security_group_name": "udacity-nsg",
            "priority": 101,
            "protocol": "Tcp",
            "resource_group_name": "Azuredevops",
            "source_address_prefix": "*",
            "source_address_prefixes": null,
            "source_application_security_group_ids": null,
            "source_port_range": "*",
            "source_port_ranges": null,
            "timeouts": null
          },
          "sensitive_attributes": [],
          "private": "eyJlMmJmYjczMC1lY2FhLTExZTYtOGY4OC0zNDM2M2JjN2M0YzAiOnsiY3JlYXRlIjoxODAwMDAwMDAwMDAwLCJkZWxldGUiOjE4MDAwMDAwMDAwMDAsInJlYWQiOjMwMDAwMDAwMDAwMCwidXBkYXRlIjoxODAwMDAwMDAwMDAwfX0=",
          "dependencies": [
            "azurerm_network_security_group.nsg",
            "data.azurerm_resource_group.rg"
          ]
        }
      ]
    },
    {
      "mode": "managed",
      "type": "azurerm_public_ip",
      "name": "lb_public_ip",
      "provider": "provider[\"registry.terraform.io/hashicorp/azurerm\"]",
      "instances": [
        {
          "schema_version": 0,
          "attributes": {
            "allocation_method": "Static",
            "ddos_protection_mode": "VirtualNetworkInherited",
            "ddos_protection_plan_id": null,
            "domain_name_label": null,
            "edge_zone": "",
            "fqdn": null,
            "id": "/subscriptions/c2974833-f9d6-49e2-b843-74513c83a919/resourceGroups/Azuredevops/providers/Microsoft.Network/publicIPAddresses/lb-public-ip",
            "idle_timeout_in_minutes": 4,
            "ip_address": "108.142.151.145",
            "ip_tags": null,
            "ip_version": "IPv4",
            "location": "westeurope",
            "name": "lb-public-ip",
            "public_ip_prefix_id": null,
            "resource_group_name": "Azuredevops",
            "reverse_fqdn": null,
            "sku": "Standard",
            "sku_tier": "Regional",
            "tags": {
              "environment": "development",
              "project": "udacity"
            },
            "timeouts": null,
            "zones": null
          },
          "sensitive_attributes": [],
          "private": "eyJlMmJmYjczMC1lY2FhLTExZTYtOGY4OC0zNDM2M2JjN2M0YzAiOnsiY3JlYXRlIjoxODAwMDAwMDAwMDAwLCJkZWxldGUiOjE4MDAwMDAwMDAwMDAsInJlYWQiOjMwMDAwMDAwMDAwMCwidXBkYXRlIjoxODAwMDAwMDAwMDAwfX0=",
          "dependencies": [
            "data.azurerm_resource_group.rg"
          ]
        }
      ]
    },
    {
      "mode": "managed",
      "type": "azurerm_subnet",
      "name": "subnet",
      "provider": "provider[\"registry.terraform.io/hashicorp/azurerm\"]",
      "instances": [
        {
          "schema_version": 0,
          "attributes": {
            "address_prefixes": [
              "10.0.1.0/24"
            ],
            "default_outbound_access_enabled": true,
            "delegation": [],
            "id": "/subscriptions/c2974833-f9d6-49e2-b843-74513c83a919/resourceGroups/Azuredevops/providers/Microsoft.Network/virtualNetworks/udacity-vnet/subnets/udacity-subnet",
            "name": "udacity-subnet",
            "private_endpoint_network_policies": "Disabled",
            "private_link_service_network_policies_enabled": true,
            "resource_group_name": "Azuredevops",
            "service_endpoint_policy_ids": null,
            "service_endpoints": null,
            "timeouts": null,
            "virtual_network_name": "udacity-vnet"
          },
          "sensitive_attributes": [],
          "private": "eyJlMmJmYjczMC1lY2FhLTExZTYtOGY4OC0zNDM2M2JjN2M0YzAiOnsiY3JlYXRlIjoxODAwMDAwMDAwMDAwLCJkZWxldGUiOjE4MDAwMDAwMDAwMDAsInJlYWQiOjMwMDAwMDAwMDAwMCwidXBkYXRlIjoxODAwMDAwMDAwMDAwfX0=",
          "dependencies": [
            "azurerm_virtual_network.vnet",
            "data.azurerm_resource_group.rg"
          ]
        }
      ]
    },
    {
      "mode": "managed",
      "type": "azurerm_subnet_network_security_group_association",
      "name": "nsg_assoc",
      "provider": "provider[\"registry.terraform.io/hashicorp/azurerm\"]",
      "instances": [
        {
          "schema_version": 0,
          "attributes": {
            "id": "/subscriptions/c2974833-f9d6-49e2-b843-74513c83a919/resourceGroups/Azuredevops/providers/Microsoft.Network/virtualNetworks/udacity-vnet/subnets/udacity-subnet",
            "network_security_group_id": "/subscriptions/c2974833-f9d6-49e2-b843-74513c83a919/resourceGroups/Azuredevops/providers/Microsoft.Network/networkSecurityGroups/udacity-nsg",
            "subnet_id": "/subscriptions/c2974833-f9d6-49e2-b843-74513c83a919/resourceGroups/Azuredevops/providers/Microsoft.Network/virtualNetworks/udacity-vnet/subnets/udacity-subnet",
            "timeouts": null
          },
          "sensitive_attributes": [],
          "private": "eyJlMmJmYjczMC1lY2FhLTExZTYtOGY4OC0zNDM2M2JjN2M0YzAiOnsiY3JlYXRlIjoxODAwMDAwMDAwMDAwLCJkZWxldGUiOjE4MDAwMDAwMDAwMDAsInJlYWQiOjMwMDAwMDAwMDAwMH19",
          "dependencies": [
            "azurerm_network_security_group.nsg",
            "azurerm_subnet.subnet",
            "azurerm_virtual_network.vnet",
            "data.azurerm_resource_group.rg"
          ]
        }
      ]
    },
    {
      "mode": "managed",
      "type": "azurerm_virtual_network",
      "name": "vnet",
      "provider": "provider[\"registry.terraform.io/hashicorp/azurerm\"]",
      "instances": [
        {
          "schema_version": 0,
          "attributes": {
            "address_space": [
              "10.0.0.0/16"
            ],
            "bgp_community": "",
            "ddos_protection_plan": [],
            "dns_servers": [],
            "edge_zone": "",
            "encryption": [],
            "flow_timeout_in_minutes": 0,
            "guid": "50c43ccf-8045-4a14-99b6-795936e3a837",
            "id": "/subscriptions/c2974833-f9d6-49e2-b843-74513c83a919/resourceGroups/Azuredevops/providers/Microsoft.Network/virtualNetworks/udacity-vnet",
            "location": "westeurope",
            "name": "udacity-vnet",
            "resource_group_name": "Azuredevops",
            "subnet": [],
            "tags": {
              "environment": "development",
              "project": "udacity"
            },
            "timeouts": null
          },
          "sensitive_attributes": [],
          "private": "eyJlMmJmYjczMC1lY2FhLTExZTYtOGY4OC0zNDM2M2JjN2M0YzAiOnsiY3JlYXRlIjoxODAwMDAwMDAwMDAwLCJkZWxldGUiOjE4MDAwMDAwMDAwMDAsInJlYWQiOjMwMDAwMDAwMDAwMCwidXBkYXRlIjoxODAwMDAwMDAwMDAwfX0=",
          "dependencies": [
            "data.azurerm_resource_group.rg"
          ]
        }
      ]
    }
  ],
  "check_results": null
}
